{
  "requires": true,
  "lockfileVersion": 1,
  "dependencies": {
    "jasmine2-custom-message": {
      "version": "0.9.3",
      "resolved": "https://registry.npmjs.org/jasmine2-custom-message/-/jasmine2-custom-message-0.9.3.tgz",
      "integrity": "sha512-ImGW7VN9GDDPpZCwuNEpipf4cFxg7k802GN82AnesziKNPmcYwxbh4lSVcu7LqHQoVnwORDBqX3vjYKKmOzdOw==",
      "dev": true
    }
  }
}
